{
    "name": "lrc-utils",
    "version": "0.1.4",
    "lockfileVersion": 1,
    "requires": true,
    "dependencies": {
        "@lrc-maker/lrc-parser": {
            "version": "0.1.10",
            "resolved": "https://registry.npmjs.org/@lrc-maker/lrc-parser/-/lrc-parser-0.1.10.tgz",
            "integrity": "sha512-sTphMQlYAkh7pyrOXQeS/uhIfC9HE/taIc5HfLl6cXEAw0RlVKk+w4ZB1pWG7LBbF4jQb7pyuGakShmbVz2oDQ=="
        },
        "typescript": {
            "version": "4.0.3",
            "resolved": "https://registry.npmjs.org/typescript/-/typescript-4.0.3.tgz",
            "integrity": "sha512-tEu6DGxGgRJPb/mVPIZ48e69xCn2yRmCgYmDugAVwmJ6o+0u1RI18eO7E7WBTLYLaEVVOhwQmcdhQHweux/WPg==",
            "dev": true
        }
    }
}
