lockfileVersion: 5.4

specifiers:
  '@lrc-maker/lrc-parser': ^0.1.17
  typescript: ^5.0.0

dependencies:
  '@lrc-maker/lrc-parser': 0.1.17

devDependencies:
  typescript: 5.2.2

packages:

  /@lrc-maker/lrc-parser/0.1.17:
    resolution: {integrity: sha512-oDlWDDsiHcOdEsQSnBPdQRIu5KFG96nJmOU3XI6g6F8HsTbq4S6IekRCyDQ6OhbJOrfjpsh15TLJFO7Bx+epJg==}
    dev: false

  /typescript/5.2.2:
    resolution: {integrity: sha512-mI4WrpHsbCIcwT9cF4FZvr80QUeKvsUsUvKDoR+X/7XHQH98xYD8YHZg7ANtz2GtZt/CBq2QJ0thkGJMHfqc1w==}
    engines: {node: '>=14.17'}
    hasBin: true
    dev: true
