lockfileVersion: 5.4

specifiers:
  '@lrc-maker/lrc-parser': ^0.1.17
  typescript: ^4.9.5

dependencies:
  '@lrc-maker/lrc-parser': 0.1.17

devDependencies:
  typescript: 4.9.5

packages:

  /@lrc-maker/lrc-parser/0.1.17:
    resolution: {integrity: sha512-oDlWDDsiHcOdEsQSnBPdQRIu5KFG96nJmOU3XI6g6F8HsTbq4S6IekRCyDQ6OhbJOrfjpsh15TLJFO7Bx+epJg==}
    dev: false

  /typescript/4.9.5:
    resolution: {integrity: sha512-1FXk9E2Hm+QzZQ7z+McJiHL4NW1F2EzMu9Nq9i3zAaGqibafqYwCVU6WyWAuyQRRzOlxou8xZSyXLEN8oKj24g==}
    engines: {node: '>=4.2.0'}
    hasBin: true
    dev: true
