# THIS IS AN AUTOGENERATED FILE. DO NOT EDIT THIS FILE DIRECTLY.
# yarn lockfile v1


"@lrc-maker/lrc-parser@^0.1.1":
  version "0.1.1"
  resolved "https://registry.yarnpkg.com/@lrc-maker/lrc-parser/-/lrc-parser-0.1.1.tgz#8542db587ecb2794daefc9791bad6056c05b0b30"
  integrity sha512-RNiH97YaXpfPLRFYVneFGuCWKKYSdtWq66WwdS7jnEMcCueoL+6nu0N9OarQRvvN0y9+PBlYaXG70pvIDAMniA==

typescript@^3.3.3:
  version "3.3.3"
  resolved "https://registry.yarnpkg.com/typescript/-/typescript-3.3.3.tgz#f1657fc7daa27e1a8930758ace9ae8da31403221"
  integrity sha512-Y21Xqe54TBVp+VDSNbuDYdGw0BpoR/Q6wo/+35M8PAU0vipahnyduJWirxxdxjsAkS7hue53x2zp8gz7F05u0A==
